// !$*UTF8*$!
{
	archiveVersion = 1;
	classes = {
	};
	objectVersion = 56;
	objects = {

/* Begin PBXBuildFile section */
		F9D41BDB2A7232BF008E1F56 /* main.cpp in Sources */ = {isa = PBXBuildFile; fileRef = F9D41BDA2A7232BF008E1F56 /* main.cpp */; };
		F9D41BE52A7233B6008E1F56 /* student.cpp in Sources */ = {isa = PBXBuildFile; fileRef = F9D41BE42A7233B6008E1F56 /* student.cpp */; };
		F9D41BE72A7233C5008E1F56 /* roster.cpp in Sources */ = {isa = PBXBuildFile; fileRef = F9D41BE62A7233C5008E1F56 /* roster.cpp */; };
/* End PBXBuildFile section */

/* Begin PBXCopyFilesBuildPhase section */
		F9D41BD52A7232BF008E1F56 /* CopyFiles */ = {
			isa = PBXCopyFilesBuildPhase;
			buildActionMask = 2147483647;
			dstPath = /usr/share/man/man1/;
			dstSubfolderSpec = 0;
			files = (
			);
			runOnlyForDeploymentPostprocessing = 1;
		};
/* End PBXCopyFilesBuildPhase section */

/* Begin PBXFileReference section */
		F9D41BD72A7232BF008E1F56 /* C867submissionTyG */ = {isa = PBXFileReference; explicitFileType = "compiled.mach-o.executable"; includeInIndex = 0; path = C867submissionTyG; sourceTree = BUILT_PRODUCTS_DIR; };
		F9D41BDA2A7232BF008E1F56 /* main.cpp */ = {isa = PBXFileReference; lastKnownFileType = sourcecode.cpp.cpp; path = main.cpp; sourceTree = "<group>"; };
		F9D41BE42A7233B6008E1F56 /* student.cpp */ = {isa = PBXFileReference; lastKnownFileType = sourcecode.cpp.cpp; path = student.cpp; sourceTree = "<group>"; };
		F9D41BE62A7233C5008E1F56 /* roster.cpp */ = {isa = PBXFileReference; lastKnownFileType = sourcecode.cpp.cpp; path = roster.cpp; sourceTree = "<group>"; };
		F9D41BE82A72340C008E1F56 /* student.h */ = {isa = PBXFileReference; lastKnownFileType = sourcecode.c.h; path = student.h; sourceTree = "<group>"; };
		F9D41BE92A72341D008E1F56 /* roster.h */ = {isa = PBXFileReference; lastKnownFileType = sourcecode.c.h; path = roster.h; sourceTree = "<group>"; };
		F9D41BEA2A72342B008E1F56 /* degree.h */ = {isa = PBXFileReference; lastKnownFileType = sourcecode.c.h; path = degree.h; sourceTree = "<group>"; };
/* End PBXFileReference section */

/* Begin PBXFrameworksBuildPhase section */
		F9D41BD42A7232BF008E1F56 /* Frameworks */ = {
			isa = PBXFrameworksBuildPhase;
			buildActionMask = 2147483647;
			files = (
			);
			runOnlyForDeploymentPostprocessing = 0;
		};
/* End PBXFrameworksBuildPhase section */

/* Begin PBXGroup section */
		F9D41BCE2A7232BF008E1F56 = {
			isa = PBXGroup;
			children = (
				F9D41BD92A7232BF008E1F56 /* C867submissionTyG */,
				F9D41BD82A7232BF008E1F56 /* Products */,
			);
			sourceTree = "<group>";
		};
		F9D41BD82A7232BF008E1F56 /* Products */ = {
			isa = PBXGroup;
			children = (
				F9D41BD72A7232BF008E1F56 /* C867submissionTyG */,
			);
			name = Products;
			sourceTree = "<group>";
		};
		F9D41BD92A7232BF008E1F56 /* C867submissionTyG */ = {
			isa = PBXGroup;
			children = (
				F9D41BEA2A72342B008E1F56 /* degree.h */,
				F9D41BDA2A7232BF008E1F56 /* main.cpp */,
				F9D41BE42A7233B6008E1F56 /* student.cpp */,
				F9D41BE82A72340C008E1F56 /* student.h */,
				F9D41BE62A7233C5008E1F56 /* roster.cpp */,
				F9D41BE92A72341D008E1F56 /* roster.h */,
			);
			path = C867submissionTyG;
			sourceTree = "<group>";
		};
/* End PBXGroup section */

/* Begin PBXNativeTarget section */
		F9D41BD62A7232BF008E1F56 /* C867submissionTyG */ = {
			isa = PBXNativeTarget;
			buildConfigurationList = F9D41BDE2A7232BF008E1F56 /* Build configuration list for PBXNativeTarget "C867submissionTyG" */;
			buildPhases = (
				F9D41BD32A7232BF008E1F56 /* Sources */,
				F9D41BD42A7232BF008E1F56 /* Frameworks */,
				F9D41BD52A7232BF008E1F56 /* CopyFiles */,
			);
			buildRules = (
			);
			dependencies = (
			);
			name = C867submissionTyG;
			productName = C867submissionTyG;
			productReference = F9D41BD72A7232BF008E1F56 /* C867submissionTyG */;
			productType = "com.apple.product-type.tool";
		};
/* End PBXNativeTarget section */

/* Begin PBXProject section */
		F9D41BCF2A7232BF008E1F56 /* Project object */ = {
			isa = PBXProject;
			attributes = {
				BuildIndependentTargetsInParallel = 1;
				LastUpgradeCheck = 1430;
				TargetAttributes = {
					F9D41BD62A7232BF008E1F56 = {
						CreatedOnToolsVersion = 14.3.1;
					};
				};
			};
			buildConfigurationList = F9D41BD22A7232BF008E1F56 /* Build configuration list for PBXProject "C867submissionTyG" */;
			compatibilityVersion = "Xcode 14.0";
			developmentRegion = en;
			hasScannedForEncodings = 0;
			knownRegions = (
				en,
				Base,
			);
			mainGroup = F9D41BCE2A7232BF008E1F56;
			productRefGroup = F9D41BD82A7232BF008E1F56 /* Products */;
			projectDirPath = "";
			projectRoot = "";
			targets = (
				F9D41BD62A7232BF008E1F56 /* C867submissionTyG */,
			);
		};
/* End PBXProject section */

/* Begin PBXSourcesBuildPhase section */
		F9D41BD32A7232BF008E1F56 /* Sources */ = {
			isa = PBXSourcesBuildPhase;
			buildActionMask = 2147483647;
			files = (
				F9D41BE52A7233B6008E1F56 /* student.cpp in Sources */,
				F9D41BE72A7233C5008E1F56 /* roster.cpp in Sources */,
				F9D41BDB2A7232BF008E1F56 /* main.cpp in Sources */,
			);
			runOnlyForDeploymentPostprocessing = 0;
		};
/* End PBXSourcesBuildPhase section */

/* Begin XCBuildConfiguration section */
		F9D41BDC2A7232BF008E1F56 /* Debug */ = {
			isa = XCBuildConfiguration;
			buildSettings = {
				ALWAYS_SEARCH_USER_PATHS = NO;
				CLANG_ANALYZER_NONNULL = YES;
				CLANG_ANALYZER_NUMBER_OBJECT_CONVERSION = YES_AGGRESSIVE;
				CLANG_CXX_LANGUAGE_STANDARD = "gnu++20";
				CLANG_ENABLE_MODULES = YES;
				CLANG_ENABLE_OBJC_ARC = YES;
				CLANG_ENABLE_OBJC_WEAK = YES;
				CLANG_WARN_BLOCK_CAPTURE_AUTORELEASING = YES;
				CLANG_WARN_BOOL_CONVERSION = YES;
				CLANG_WARN_COMMA = YES;
				CLANG_WARN_CONSTANT_CONVERSION = YES;
				CLANG_WARN_DEPRECATED_OBJC_IMPLEMENTATIONS = YES;
				CLANG_WARN_DIRECT_OBJC_ISA_USAGE = YES_ERROR;
				CLANG_WARN_DOCUMENTATION_COMMENTS = YES;
				CLANG_WARN_EMPTY_BODY = YES;
				CLANG_WARN_ENUM_CONVERSION = YES;
				CLANG_WARN_INFINITE_RECURSION = YES;
				CLANG_WARN_INT_CONVERSION = YES;
				CLANG_WARN_NON_LITERAL_NULL_CONVERSION = YES;
				CLANG_WARN_OBJC_IMPLICIT_RETAIN_SELF = YES;
				CLANG_WARN_OBJC_LITERAL_CONVERSION = YES;
				CLANG_WARN_OBJC_ROOT_CLASS = YES_ERROR;
				CLANG_WARN_QUOTED_INCLUDE_IN_FRAMEWORK_HEADER = YES;
				CLANG_WARN_RANGE_LOOP_ANALYSIS = YES;
				CLANG_WARN_STRICT_PROTOTYPES = YES;
				CLANG_WARN_SUSPICIOUS_MOVE = YES;
				CLANG_WARN_UNGUARDED_AVAILABILITY = YES_AGGRESSIVE;
				CLANG_WARN_UNREACHABLE_CODE = YES;
				CLANG_WARN__DUPLICATE_METHOD_MATCH = YES;
				COPY_PHASE_STRIP = NO;
				DEBUG_INFORMATION_FORMAT = dwarf;
				ENABLE_STRICT_OBJC_MSGSEND = YES;
				ENABLE_TESTABILITY = YES;
				GCC_C_LANGUAGE_STANDARD = gnu11;
				GCC_DYNAMIC_NO_PIC = NO;
				GCC_NO_COMMON_BLOCKS = YES;
				GCC_OPTIMIZATION_LEVEL = 0;
				GCC_PREPROCESSOR_DEFINITIONS = (
					"DEBUG=1",
					"$(inherited)",
				);
				GCC_WARN_64_TO_32_BIT_CONVERSION = YES;
				GCC_WARN_ABOUT_RETURN_TYPE = YES_ERROR;
				GCC_WARN_UNDECLARED_SELECTOR = YES;
				GCC_WARN_UNINITIALIZED_AUTOS = YES_AGGRESSIVE;
				GCC_WARN_UNUSED_FUNCTION = YES;
				GCC_WARN_UNUSED_VARIABLE = YES;
				MACOSX_DEPLOYMENT_TARGET = 13.3;
				MTL_ENABLE_DEBUG_INFO = INCLUDE_SOURCE;
				MTL_FAST_MATH = YES;
				ONLY_ACTIVE_ARCH = YES;
				SDKROOT = macosx;
			};
			name = Debug;
		};
		F9D41BDD2A7232BF008E1F56 /* Release */ = {
			isa = XCBuildConfiguration;
			buildSettings = {
				ALWAYS_SEARCH_USER_PATHS = NO;
				CLANG_ANALYZER_NONNULL = YES;
				CLANG_ANALYZER_NUMBER_OBJECT_CONVERSION = YES_AGGRESSIVE;
				CLANG_CXX_LANGUAGE_STANDARD = "gnu++20";
				CLANG_ENABLE_MODULES = YES;
				CLANG_ENABLE_OBJC_ARC = YES;
				CLANG_ENABLE_OBJC_WEAK = YES;
				CLANG_WARN_BLOCK_CAPTURE_AUTORELEASING = YES;
				CLANG_WARN_BOOL_CONVERSION = YES;
				CLANG_WARN_COMMA = YES;
				CLANG_WARN_CONSTANT_CONVERSION = YES;
				CLANG_WARN_DEPRECATED_OBJC_IMPLEMENTATIONS = YES;
				CLANG_WARN_DIRECT_OBJC_ISA_USAGE = YES_ERROR;
				CLANG_WARN_DOCUMENTATION_COMMENTS = YES;
				CLANG_WARN_EMPTY_BODY = YES;
				CLANG_WARN_ENUM_CONVERSION = YES;
				CLANG_WARN_INFINITE_RECURSION = YES;
				CLANG_WARN_INT_CONVERSION = YES;
				CLANG_WARN_NON_LITERAL_NULL_CONVERSION = YES;
				CLANG_WARN_OBJC_IMPLICIT_RETAIN_SELF = YES;
				CLANG_WARN_OBJC_LITERAL_CONVERSION = YES;
				CLANG_WARN_OBJC_ROOT_CLASS = YES_ERROR;
				CLANG_WARN_QUOTED_INCLUDE_IN_FRAMEWORK_HEADER = YES;
				CLANG_WARN_RANGE_LOOP_ANALYSIS = YES;
				CLANG_WARN_STRICT_PROTOTYPES = YES;
				CLANG_WARN_SUSPICIOUS_MOVE = YES;
				CLANG_WARN_UNGUARDED_AVAILABILITY = YES_AGGRESSIVE;
				CLANG_WARN_UNREACHABLE_CODE = YES;
				CLANG_WARN__DUPLICATE_METHOD_MATCH = YES;
				COPY_PHASE_STRIP = NO;
				DEBUG_INFORMATION_FORMAT = "dwarf-with-dsym";
				ENABLE_NS_ASSERTIONS = NO;
				ENABLE_STRICT_OBJC_MSGSEND = YES;
				GCC_C_LANGUAGE_STANDARD = gnu11;
				GCC_NO_COMMON_BLOCKS = YES;
				GCC_WARN_64_TO_32_BIT_CONVERSION = YES;
				GCC_WARN_ABOUT_RETURN_TYPE = YES_ERROR;
				GCC_WARN_UNDECLARED_SELECTOR = YES;
				GCC_WARN_UNINITIALIZED_AUTOS = YES_AGGRESSIVE;
				GCC_WARN_UNUSED_FUNCTION = YES;
				GCC_WARN_UNUSED_VARIABLE = YES;
				MACOSX_DEPLOYMENT_TARGET = 13.3;
				MTL_ENABLE_DEBUG_INFO = NO;
				MTL_FAST_MATH = YES;
				SDKROOT = macosx;
			};
			name = Release;
		};
		F9D41BDF2A7232BF008E1F56 /* Debug */ = {
			isa = XCBuildConfiguration;
			buildSettings = {
				CODE_SIGN_STYLE = Automatic;
				PRODUCT_NAME = "$(TARGET_NAME)";
			};
			name = Debug;
		};
		F9D41BE02A7232BF008E1F56 /* Release */ = {
			isa = XCBuildConfiguration;
			buildSettings = {
				CODE_SIGN_STYLE = Automatic;
				PRODUCT_NAME = "$(TARGET_NAME)";
			};
			name = Release;
		};
/* End XCBuildConfiguration section */

/* Begin XCConfigurationList section */
		F9D41BD22A7232BF008E1F56 /* Build configuration list for PBXProject "C867submissionTyG" */ = {
			isa = XCConfigurationList;
			buildConfigurations = (
				F9D41BDC2A7232BF008E1F56 /* Debug */,
				F9D41BDD2A7232BF008E1F56 /* Release */,
			);
			defaultConfigurationIsVisible = 0;
			defaultConfigurationName = Release;
		};
		F9D41BDE2A7232BF008E1F56 /* Build configuration list for PBXNativeTarget "C867submissionTyG" */ = {
			isa = XCConfigurationList;
			buildConfigurations = (
				F9D41BDF2A7232BF008E1F56 /* Debug */,
				F9D41BE02A7232BF008E1F56 /* Release */,
			);
			defaultConfigurationIsVisible = 0;
			defaultConfigurationName = Release;
		};
/* End XCConfigurationList section */
	};
	rootObject = F9D41BCF2A7232BF008E1F56 /* Project object */;
}
